
Microsoft Visual Studio Solution File, Format Version 12.00
# Visual Studio 15
VisualStudioVersion = 15.0.27004.2008
MinimumVisualStudioVersion = 10.0.40219.1
Project("{FAE04EC0-301F-11D3-BF4B-00C04F79EFBC}") = "HelloWorld", "HelloWorld\HelloWorld.csproj", "{5F2C9DE4-5D81-440B-8A86-3C8A9A97363D}"
EndProject
Global
	GlobalSection(SolutionConfigurationPlatforms) = preSolution
		Debug|Any CPU = Debug|Any CPU
		Release|Any CPU = Release|Any CPU
	EndGlobalSection
	GlobalSection(ProjectConfigurationPlatforms) = postSolution
		{5F2C9DE4-5D81-440B-8A86-3C8A9A97363D}.Debug|Any CPU.ActiveCfg = Debug|Any CPU
		{5F2C9DE4-5D81-440B-8A86-3C8A9A97363D}.Debug|Any CPU.Build.0 = Debug|Any CPU
		{5F2C9DE4-5D81-440B-8A86-3C8A9A97363D}.Release|Any CPU.ActiveCfg = Release|Any CPU
		{5F2C9DE4-5D81-440B-8A86-3C8A9A97363D}.Release|Any CPU.Build.0 = Release|Any CPU
	EndGlobalSection
	GlobalSection(SolutionProperties) = preSolution
		HideSolutionNode = FALSE
	EndGlobalSection
	GlobalSection(ExtensibilityGlobals) = postSolution
		SolutionGuid = {32620E79-D37B-44F4-8B4F-85789C375134}
	EndGlobalSection
EndGlobal
