
Microsoft Visual Studio Solution File, Format Version 12.00
# Visual Studio 15
VisualStudioVersion = 15.0.27130.2026
MinimumVisualStudioVersion = 10.0.40219.1
Project("{FAE04EC0-301F-11D3-BF4B-00C04F79EFBC}") = "WPFStackPanel", "StackPanel\WPFStackPanel.csproj", "{61503A0E-BFC2-4580-9782-3A5DA87E2BD1}"
EndProject
Global
	GlobalSection(SolutionConfigurationPlatforms) = preSolution
		Debug|Any CPU = Debug|Any CPU
		Release|Any CPU = Release|Any CPU
	EndGlobalSection
	GlobalSection(ProjectConfigurationPlatforms) = postSolution
		{61503A0E-BFC2-4580-9782-3A5DA87E2BD1}.Debug|Any CPU.ActiveCfg = Debug|Any CPU
		{61503A0E-BFC2-4580-9782-3A5DA87E2BD1}.Debug|Any CPU.Build.0 = Debug|Any CPU
		{61503A0E-BFC2-4580-9782-3A5DA87E2BD1}.Release|Any CPU.ActiveCfg = Release|Any CPU
		{61503A0E-BFC2-4580-9782-3A5DA87E2BD1}.Release|Any CPU.Build.0 = Release|Any CPU
	EndGlobalSection
	GlobalSection(SolutionProperties) = preSolution
		HideSolutionNode = FALSE
	EndGlobalSection
	GlobalSection(ExtensibilityGlobals) = postSolution
		SolutionGuid = {5B670E42-3A9B-4863-9053-A87E29B33ADB}
	EndGlobalSection
EndGlobal
